
Microsoft Visual Studio Solution File, Format Version 12.00
# Visual Studio 14
VisualStudioVersion = 14.0.24720.0
MinimumVisualStudioVersion = 10.0.40219.1
Project("{FAE04EC0-301F-11D3-BF4B-00C04F79EFBC}") = "Adapter", "Adapter\Adapter.csproj", "{401772B1-DA27-421C-B99F-8A07FCAE809E}"
EndProject
Project("{FAE04EC0-301F-11D3-BF4B-00C04F79EFBC}") = "Command", "Command\Command.csproj", "{32CDC90C-6219-42C7-BF16-1F2D900F153B}"
EndProject
Project("{FAE04EC0-301F-11D3-BF4B-00C04F79EFBC}") = "Repository", "Repository\Repository.csproj", "{B0D168C3-84AD-435B-90D3-148DD0DDD575}"
EndProject
Project("{FAE04EC0-301F-11D3-BF4B-00C04F79EFBC}") = "Decorator", "Decorator\Decorator.csproj", "{ED807FCE-B1EC-4E25-A1A7-F0AB3878054B}"
EndProject
Project("{FAE04EC0-301F-11D3-BF4B-00C04F79EFBC}") = "Composite", "Composite\Composite.csproj", "{F3676B1F-FF13-462A-97E1-4EC49A57421B}"
EndProject
Global
	GlobalSection(SolutionConfigurationPlatforms) = preSolution
		Debug|Any CPU = Debug|Any CPU
		Release|Any CPU = Release|Any CPU
	EndGlobalSection
	GlobalSection(ProjectConfigurationPlatforms) = postSolution
		{401772B1-DA27-421C-B99F-8A07FCAE809E}.Debug|Any CPU.ActiveCfg = Debug|Any CPU
		{401772B1-DA27-421C-B99F-8A07FCAE809E}.Debug|Any CPU.Build.0 = Debug|Any CPU
		{401772B1-DA27-421C-B99F-8A07FCAE809E}.Release|Any CPU.ActiveCfg = Release|Any CPU
		{401772B1-DA27-421C-B99F-8A07FCAE809E}.Release|Any CPU.Build.0 = Release|Any CPU
		{32CDC90C-6219-42C7-BF16-1F2D900F153B}.Debug|Any CPU.ActiveCfg = Debug|Any CPU
		{32CDC90C-6219-42C7-BF16-1F2D900F153B}.Debug|Any CPU.Build.0 = Debug|Any CPU
		{32CDC90C-6219-42C7-BF16-1F2D900F153B}.Release|Any CPU.ActiveCfg = Release|Any CPU
		{32CDC90C-6219-42C7-BF16-1F2D900F153B}.Release|Any CPU.Build.0 = Release|Any CPU
		{B0D168C3-84AD-435B-90D3-148DD0DDD575}.Debug|Any CPU.ActiveCfg = Debug|Any CPU
		{B0D168C3-84AD-435B-90D3-148DD0DDD575}.Debug|Any CPU.Build.0 = Debug|Any CPU
		{B0D168C3-84AD-435B-90D3-148DD0DDD575}.Release|Any CPU.ActiveCfg = Release|Any CPU
		{B0D168C3-84AD-435B-90D3-148DD0DDD575}.Release|Any CPU.Build.0 = Release|Any CPU
		{ED807FCE-B1EC-4E25-A1A7-F0AB3878054B}.Debug|Any CPU.ActiveCfg = Debug|Any CPU
		{ED807FCE-B1EC-4E25-A1A7-F0AB3878054B}.Debug|Any CPU.Build.0 = Debug|Any CPU
		{ED807FCE-B1EC-4E25-A1A7-F0AB3878054B}.Release|Any CPU.ActiveCfg = Release|Any CPU
		{ED807FCE-B1EC-4E25-A1A7-F0AB3878054B}.Release|Any CPU.Build.0 = Release|Any CPU
		{F3676B1F-FF13-462A-97E1-4EC49A57421B}.Debug|Any CPU.ActiveCfg = Debug|Any CPU
		{F3676B1F-FF13-462A-97E1-4EC49A57421B}.Debug|Any CPU.Build.0 = Debug|Any CPU
		{F3676B1F-FF13-462A-97E1-4EC49A57421B}.Release|Any CPU.ActiveCfg = Release|Any CPU
		{F3676B1F-FF13-462A-97E1-4EC49A57421B}.Release|Any CPU.Build.0 = Release|Any CPU
	EndGlobalSection
	GlobalSection(SolutionProperties) = preSolution
		HideSolutionNode = FALSE
	EndGlobalSection
EndGlobal
